
Microsoft Visual Studio Solution File, Format Version 12.00
# Visual Studio 15
VisualStudioVersion = 15.0.27428.2005
MinimumVisualStudioVersion = 10.0.40219.1
Project("{FAE04EC0-301F-11D3-BF4B-00C04F79EFBC}") = "com_lab4", "com_lab4\com_lab4.csproj", "{735440D0-CD43-4DFE-AEE2-15A2CF9B1BD3}"
EndProject
Project("{8BC9CEB8-8B4A-11D0-8D11-00A0C91BC942}") = "clientCpp", "clientCpp\clientCpp.vcxproj", "{43F62909-3FBB-4409-84CC-861D9180BFC1}"
EndProject
Project("{FAE04EC0-301F-11D3-BF4B-00C04F79EFBC}") = "client2", "client2\client2.csproj", "{5B13ACC1-6C7F-43BE-B801-4F333C3BA7ED}"
EndProject
Global
	GlobalSection(SolutionConfigurationPlatforms) = preSolution
		Debug|Any CPU = Debug|Any CPU
		Debug|x64 = Debug|x64
		Debug|x86 = Debug|x86
		Release|Any CPU = Release|Any CPU
		Release|x64 = Release|x64
		Release|x86 = Release|x86
	EndGlobalSection
	GlobalSection(ProjectConfigurationPlatforms) = postSolution
		{735440D0-CD43-4DFE-AEE2-15A2CF9B1BD3}.Debug|Any CPU.ActiveCfg = Debug|Any CPU
		{735440D0-CD43-4DFE-AEE2-15A2CF9B1BD3}.Debug|Any CPU.Build.0 = Debug|Any CPU
		{735440D0-CD43-4DFE-AEE2-15A2CF9B1BD3}.Debug|x64.ActiveCfg = Debug|Any CPU
		{735440D0-CD43-4DFE-AEE2-15A2CF9B1BD3}.Debug|x64.Build.0 = Debug|Any CPU
		{735440D0-CD43-4DFE-AEE2-15A2CF9B1BD3}.Debug|x86.ActiveCfg = Debug|Any CPU
		{735440D0-CD43-4DFE-AEE2-15A2CF9B1BD3}.Debug|x86.Build.0 = Debug|Any CPU
		{735440D0-CD43-4DFE-AEE2-15A2CF9B1BD3}.Release|Any CPU.ActiveCfg = Release|Any CPU
		{735440D0-CD43-4DFE-AEE2-15A2CF9B1BD3}.Release|Any CPU.Build.0 = Release|Any CPU
		{735440D0-CD43-4DFE-AEE2-15A2CF9B1BD3}.Release|x64.ActiveCfg = Release|Any CPU
		{735440D0-CD43-4DFE-AEE2-15A2CF9B1BD3}.Release|x64.Build.0 = Release|Any CPU
		{735440D0-CD43-4DFE-AEE2-15A2CF9B1BD3}.Release|x86.ActiveCfg = Release|Any CPU
		{735440D0-CD43-4DFE-AEE2-15A2CF9B1BD3}.Release|x86.Build.0 = Release|Any CPU
		{43F62909-3FBB-4409-84CC-861D9180BFC1}.Debug|Any CPU.ActiveCfg = Debug|Win32
		{43F62909-3FBB-4409-84CC-861D9180BFC1}.Debug|x64.ActiveCfg = Debug|x64
		{43F62909-3FBB-4409-84CC-861D9180BFC1}.Debug|x64.Build.0 = Debug|x64
		{43F62909-3FBB-4409-84CC-861D9180BFC1}.Debug|x86.ActiveCfg = Debug|Win32
		{43F62909-3FBB-4409-84CC-861D9180BFC1}.Debug|x86.Build.0 = Debug|Win32
		{43F62909-3FBB-4409-84CC-861D9180BFC1}.Release|Any CPU.ActiveCfg = Release|Win32
		{43F62909-3FBB-4409-84CC-861D9180BFC1}.Release|x64.ActiveCfg = Release|x64
		{43F62909-3FBB-4409-84CC-861D9180BFC1}.Release|x64.Build.0 = Release|x64
		{43F62909-3FBB-4409-84CC-861D9180BFC1}.Release|x86.ActiveCfg = Release|Win32
		{43F62909-3FBB-4409-84CC-861D9180BFC1}.Release|x86.Build.0 = Release|Win32
		{5B13ACC1-6C7F-43BE-B801-4F333C3BA7ED}.Debug|Any CPU.ActiveCfg = Debug|Any CPU
		{5B13ACC1-6C7F-43BE-B801-4F333C3BA7ED}.Debug|Any CPU.Build.0 = Debug|Any CPU
		{5B13ACC1-6C7F-43BE-B801-4F333C3BA7ED}.Debug|x64.ActiveCfg = Debug|Any CPU
		{5B13ACC1-6C7F-43BE-B801-4F333C3BA7ED}.Debug|x64.Build.0 = Debug|Any CPU
		{5B13ACC1-6C7F-43BE-B801-4F333C3BA7ED}.Debug|x86.ActiveCfg = Debug|Any CPU
		{5B13ACC1-6C7F-43BE-B801-4F333C3BA7ED}.Debug|x86.Build.0 = Debug|Any CPU
		{5B13ACC1-6C7F-43BE-B801-4F333C3BA7ED}.Release|Any CPU.ActiveCfg = Release|Any CPU
		{5B13ACC1-6C7F-43BE-B801-4F333C3BA7ED}.Release|Any CPU.Build.0 = Release|Any CPU
		{5B13ACC1-6C7F-43BE-B801-4F333C3BA7ED}.Release|x64.ActiveCfg = Release|Any CPU
		{5B13ACC1-6C7F-43BE-B801-4F333C3BA7ED}.Release|x64.Build.0 = Release|Any CPU
		{5B13ACC1-6C7F-43BE-B801-4F333C3BA7ED}.Release|x86.ActiveCfg = Release|Any CPU
		{5B13ACC1-6C7F-43BE-B801-4F333C3BA7ED}.Release|x86.Build.0 = Release|Any CPU
	EndGlobalSection
	GlobalSection(SolutionProperties) = preSolution
		HideSolutionNode = FALSE
	EndGlobalSection
	GlobalSection(ExtensibilityGlobals) = postSolution
		SolutionGuid = {A86B54CB-24AF-40FB-8E98-889B520B9B37}
	EndGlobalSection
EndGlobal
